
Microsoft Visual Studio Solution File, Format Version 12.00
# Visual Studio Version 16
VisualStudioVersion = 16.0.28803.202
MinimumVisualStudioVersion = 10.0.40219.1
Project("{FAE04EC0-301F-11D3-BF4B-00C04F79EFBC}") = "TestApplication", "TestApplication\TestApplication.csproj", "{FA46247E-63F6-41B1-BA3E-A550BABDCD1F}"
EndProject
Project("{2150E333-8FDC-42A3-9474-1A3956D46DE8}") = "SolutionItems", "SolutionItems", "{08891824-593A-4540-812E-76C4790FF45E}"
	ProjectSection(SolutionItems) = preProject
		GitVersion.yml = GitVersion.yml
	EndProjectSection
EndProject
Global
	GlobalSection(SolutionConfigurationPlatforms) = preSolution
		Debug|Any CPU = Debug|Any CPU
		Release|Any CPU = Release|Any CPU
	EndGlobalSection
	GlobalSection(ProjectConfigurationPlatforms) = postSolution
		{FA46247E-63F6-41B1-BA3E-A550BABDCD1F}.Debug|Any CPU.ActiveCfg = Debug|Any CPU
		{FA46247E-63F6-41B1-BA3E-A550BABDCD1F}.Debug|Any CPU.Build.0 = Debug|Any CPU
		{FA46247E-63F6-41B1-BA3E-A550BABDCD1F}.Release|Any CPU.ActiveCfg = Release|Any CPU
		{FA46247E-63F6-41B1-BA3E-A550BABDCD1F}.Release|Any CPU.Build.0 = Release|Any CPU
	EndGlobalSection
	GlobalSection(SolutionProperties) = preSolution
		HideSolutionNode = FALSE
	EndGlobalSection
	GlobalSection(ExtensibilityGlobals) = postSolution
		SolutionGuid = {51F5EA44-D13F-4AD1-8E0B-22B5890F1A8A}
	EndGlobalSection
EndGlobal
